# THIS IS AN AUTOGENERATED FILE. DO NOT EDIT THIS FILE DIRECTLY.
# yarn lockfile v1


hsl-to-hex@^1.0.0:
  version "1.0.0"
  resolved "https://registry.yarnpkg.com/hsl-to-hex/-/hsl-to-hex-1.0.0.tgz#c58c826dc6d2f1e0a5ff1da5a7ecbf03faac1352"
  integrity sha1-xYyCbcbS8eCl/x2lp+y/A/qsE1I=
  dependencies:
    hsl-to-rgb-for-reals "^1.1.0"

hsl-to-rgb-for-reals@^1.1.0:
  version "1.1.1"
  resolved "https://registry.yarnpkg.com/hsl-to-rgb-for-reals/-/hsl-to-rgb-for-reals-1.1.1.tgz#e1eb23f6b78016e3722431df68197e6dcdc016d9"
  integrity sha512-LgOWAkrN0rFaQpfdWBQlv/VhkOxb5AsBjk6NQVx4yEzWS923T07X0M1Y0VNko2H52HeSpZrZNNMJ0aFqsdVzQg==

yaml@^1.10.0:
  version "1.10.0"
  resolved "https://registry.yarnpkg.com/yaml/-/yaml-1.10.0.tgz#3b593add944876077d4d683fee01081bd9fff31e"
  integrity sha512-yr2icI4glYaNG+KWONODapy2/jDdMSDnrONSjblABjD9B4Z5LgiircSt8m8sRZFNi08kG9Sm0uSHtEmP3zaEGg==
